
Microsoft Visual Studio Solution File, Format Version 12.00
# Visual Studio Version 17
VisualStudioVersion = 17.13.35931.197 d17.13
MinimumVisualStudioVersion = 10.0.40219.1
Project("{FAE04EC0-301F-11D3-BF4B-00C04F79EFBC}") = "Snowshoes", "Snowshoes\Snowshoes.csproj", "{A5658426-7CBF-4E45-A32A-E0B70FD14DF2}"
EndProject
Project("{FAE04EC0-301F-11D3-BF4B-00C04F79EFBC}") = "CakeBuild", "ZZCakeBuild\CakeBuild.csproj", "{0A4A6A85-9DC6-42E3-86A9-76C8BC561429}"
EndProject
Global
	GlobalSection(SolutionConfigurationPlatforms) = preSolution
		Debug|Any CPU = Debug|Any CPU
		Release|Any CPU = Release|Any CPU
	EndGlobalSection
	GlobalSection(ProjectConfigurationPlatforms) = postSolution
		{A5658426-7CBF-4E45-A32A-E0B70FD14DF2}.Debug|Any CPU.ActiveCfg = Debug|Any CPU
		{A5658426-7CBF-4E45-A32A-E0B70FD14DF2}.Debug|Any CPU.Build.0 = Debug|Any CPU
		{A5658426-7CBF-4E45-A32A-E0B70FD14DF2}.Release|Any CPU.ActiveCfg = Release|Any CPU
		{A5658426-7CBF-4E45-A32A-E0B70FD14DF2}.Release|Any CPU.Build.0 = Release|Any CPU
		{0A4A6A85-9DC6-42E3-86A9-76C8BC561429}.Debug|Any CPU.ActiveCfg = Debug|Any CPU
		{0A4A6A85-9DC6-42E3-86A9-76C8BC561429}.Debug|Any CPU.Build.0 = Debug|Any CPU
		{0A4A6A85-9DC6-42E3-86A9-76C8BC561429}.Release|Any CPU.ActiveCfg = Release|Any CPU
		{0A4A6A85-9DC6-42E3-86A9-76C8BC561429}.Release|Any CPU.Build.0 = Release|Any CPU
	EndGlobalSection
	GlobalSection(SolutionProperties) = preSolution
		HideSolutionNode = FALSE
	EndGlobalSection
	GlobalSection(ExtensibilityGlobals) = postSolution
		SolutionGuid = {00118845-0641-4D43-AB1B-30C52B49C431}
	EndGlobalSection
EndGlobal
